
Microsoft Visual Studio Solution File, Format Version 12.00
# Visual Studio Version 16
VisualStudioVersion = 16.0.28803.452
MinimumVisualStudioVersion = 10.0.40219.1
Project("{FAE04EC0-301F-11D3-BF4B-00C04F79EFBC}") = "001.Persons", "001.Persons\001.Persons.csproj", "{A09F7C3E-8921-48A5-B107-104DC233ABCE}"
EndProject
Project("{FAE04EC0-301F-11D3-BF4B-00C04F79EFBC}") = "002.Salary", "002.Salary\002.Salary.csproj", "{A4CEB872-A0C0-4A44-B222-A1927DB8239E}"
EndProject
Project("{FAE04EC0-301F-11D3-BF4B-00C04F79EFBC}") = "003.Validation", "003.Validation\003.Validation.csproj", "{17BEA50F-52EF-43AF-97C9-F817AD50EE88}"
EndProject
Global
	GlobalSection(SolutionConfigurationPlatforms) = preSolution
		Debug|Any CPU = Debug|Any CPU
		Release|Any CPU = Release|Any CPU
	EndGlobalSection
	GlobalSection(ProjectConfigurationPlatforms) = postSolution
		{A09F7C3E-8921-48A5-B107-104DC233ABCE}.Debug|Any CPU.ActiveCfg = Debug|Any CPU
		{A09F7C3E-8921-48A5-B107-104DC233ABCE}.Debug|Any CPU.Build.0 = Debug|Any CPU
		{A09F7C3E-8921-48A5-B107-104DC233ABCE}.Release|Any CPU.ActiveCfg = Release|Any CPU
		{A09F7C3E-8921-48A5-B107-104DC233ABCE}.Release|Any CPU.Build.0 = Release|Any CPU
		{A4CEB872-A0C0-4A44-B222-A1927DB8239E}.Debug|Any CPU.ActiveCfg = Debug|Any CPU
		{A4CEB872-A0C0-4A44-B222-A1927DB8239E}.Debug|Any CPU.Build.0 = Debug|Any CPU
		{A4CEB872-A0C0-4A44-B222-A1927DB8239E}.Release|Any CPU.ActiveCfg = Release|Any CPU
		{A4CEB872-A0C0-4A44-B222-A1927DB8239E}.Release|Any CPU.Build.0 = Release|Any CPU
		{17BEA50F-52EF-43AF-97C9-F817AD50EE88}.Debug|Any CPU.ActiveCfg = Debug|Any CPU
		{17BEA50F-52EF-43AF-97C9-F817AD50EE88}.Debug|Any CPU.Build.0 = Debug|Any CPU
		{17BEA50F-52EF-43AF-97C9-F817AD50EE88}.Release|Any CPU.ActiveCfg = Release|Any CPU
		{17BEA50F-52EF-43AF-97C9-F817AD50EE88}.Release|Any CPU.Build.0 = Release|Any CPU
	EndGlobalSection
	GlobalSection(SolutionProperties) = preSolution
		HideSolutionNode = FALSE
	EndGlobalSection
	GlobalSection(ExtensibilityGlobals) = postSolution
		SolutionGuid = {0BDFDFAB-E480-4F2B-9E9B-5C0E718713CB}
	EndGlobalSection
EndGlobal
