
Microsoft Visual Studio Solution File, Format Version 12.00
# Visual Studio 15
VisualStudioVersion = 15.0.28307.572
MinimumVisualStudioVersion = 10.0.40219.1
Project("{9A19103F-16F7-4668-BE54-9A1E7A4F7556}") = "SoftUniRestaurant", "SoftUniRestaurant.csproj", "{AAFED598-4723-4339-9EC2-825D9797EF68}"
EndProject
Global
	GlobalSection(SolutionConfigurationPlatforms) = preSolution
		Debug|Any CPU = Debug|Any CPU
		Release|Any CPU = Release|Any CPU
	EndGlobalSection
	GlobalSection(ProjectConfigurationPlatforms) = postSolution
		{AAFED598-4723-4339-9EC2-825D9797EF68}.Debug|Any CPU.ActiveCfg = Debug|Any CPU
		{AAFED598-4723-4339-9EC2-825D9797EF68}.Debug|Any CPU.Build.0 = Debug|Any CPU
		{AAFED598-4723-4339-9EC2-825D9797EF68}.Release|Any CPU.ActiveCfg = Release|Any CPU
		{AAFED598-4723-4339-9EC2-825D9797EF68}.Release|Any CPU.Build.0 = Release|Any CPU
	EndGlobalSection
	GlobalSection(SolutionProperties) = preSolution
		HideSolutionNode = FALSE
	EndGlobalSection
	GlobalSection(ExtensibilityGlobals) = postSolution
		SolutionGuid = {C64163F8-993F-4CED-9130-1ED09AD64818}
	EndGlobalSection
EndGlobal
